
Microsoft Visual Studio Solution File, Format Version 12.00
# Visual Studio 15
VisualStudioVersion = 15.0.27428.2043
MinimumVisualStudioVersion = 10.0.40219.1
Project("{FAE04EC0-301F-11D3-BF4B-00C04F79EFBC}") = "808DesktopApp", "808DesktopApp\808DesktopApp.csproj", "{8FB5F207-AB0F-4F41-ADAF-E4D474F1E5EE}"
EndProject
Project("{FAE04EC0-301F-11D3-BF4B-00C04F79EFBC}") = "808Updater", "808Updater\808Updater.csproj", "{4E9290CD-1265-475E-BD8C-87E1F4375301}"
EndProject
Global
	GlobalSection(SolutionConfigurationPlatforms) = preSolution
		Debug|Any CPU = Debug|Any CPU
		Release|Any CPU = Release|Any CPU
	EndGlobalSection
	GlobalSection(ProjectConfigurationPlatforms) = postSolution
		{8FB5F207-AB0F-4F41-ADAF-E4D474F1E5EE}.Debug|Any CPU.ActiveCfg = Debug|Any CPU
		{8FB5F207-AB0F-4F41-ADAF-E4D474F1E5EE}.Debug|Any CPU.Build.0 = Debug|Any CPU
		{8FB5F207-AB0F-4F41-ADAF-E4D474F1E5EE}.Release|Any CPU.ActiveCfg = Release|Any CPU
		{8FB5F207-AB0F-4F41-ADAF-E4D474F1E5EE}.Release|Any CPU.Build.0 = Release|Any CPU
		{4E9290CD-1265-475E-BD8C-87E1F4375301}.Debug|Any CPU.ActiveCfg = Debug|Any CPU
		{4E9290CD-1265-475E-BD8C-87E1F4375301}.Debug|Any CPU.Build.0 = Debug|Any CPU
		{4E9290CD-1265-475E-BD8C-87E1F4375301}.Release|Any CPU.ActiveCfg = Release|Any CPU
		{4E9290CD-1265-475E-BD8C-87E1F4375301}.Release|Any CPU.Build.0 = Release|Any CPU
	EndGlobalSection
	GlobalSection(SolutionProperties) = preSolution
		HideSolutionNode = FALSE
	EndGlobalSection
	GlobalSection(ExtensibilityGlobals) = postSolution
		SolutionGuid = {45476375-84BF-4B65-AB2D-CDDB6E1B949C}
	EndGlobalSection
EndGlobal
